
Microsoft Visual Studio Solution File, Format Version 12.00
# Visual Studio Version 16
VisualStudioVersion = 16.0.29201.188
MinimumVisualStudioVersion = 10.0.40219.1
Project("{9A19103F-16F7-4668-BE54-9A1E7A4F7556}") = "AJobBoard", "AJobBoard\AJobBoard.csproj", "{A352C213-198A-4D7C-8660-3B67C2D5AF50}"
EndProject
Project("{FAE04EC0-301F-11D3-BF4B-00C04F79EFBC}") = "AJobBoard.Tests", "AJobBoard.Tests\AJobBoard.Tests.csproj", "{1411C90A-4C39-4794-BDA0-45C440C5449C}"
EndProject
Global
	GlobalSection(SolutionConfigurationPlatforms) = preSolution
		Debug|Any CPU = Debug|Any CPU
		Release|Any CPU = Release|Any CPU
	EndGlobalSection
	GlobalSection(ProjectConfigurationPlatforms) = postSolution
		{A352C213-198A-4D7C-8660-3B67C2D5AF50}.Debug|Any CPU.ActiveCfg = Debug|Any CPU
		{A352C213-198A-4D7C-8660-3B67C2D5AF50}.Debug|Any CPU.Build.0 = Debug|Any CPU
		{A352C213-198A-4D7C-8660-3B67C2D5AF50}.Release|Any CPU.ActiveCfg = Release|Any CPU
		{A352C213-198A-4D7C-8660-3B67C2D5AF50}.Release|Any CPU.Build.0 = Release|Any CPU
		{1411C90A-4C39-4794-BDA0-45C440C5449C}.Debug|Any CPU.ActiveCfg = Debug|Any CPU
		{1411C90A-4C39-4794-BDA0-45C440C5449C}.Debug|Any CPU.Build.0 = Debug|Any CPU
		{1411C90A-4C39-4794-BDA0-45C440C5449C}.Release|Any CPU.ActiveCfg = Release|Any CPU
		{1411C90A-4C39-4794-BDA0-45C440C5449C}.Release|Any CPU.Build.0 = Release|Any CPU
	EndGlobalSection
	GlobalSection(SolutionProperties) = preSolution
		HideSolutionNode = FALSE
	EndGlobalSection
	GlobalSection(ExtensibilityGlobals) = postSolution
		SolutionGuid = {7A0466D9-25B4-448E-ADE5-8716FB2119D5}
	EndGlobalSection
EndGlobal
